Microsoft Visual Studio Solution File, Format Version 12.00
# Visual Studio Version 17
VisualStudioVersion = 17.5.2.0
MinimumVisualStudioVersion = 10.0.40219.1
Project("{FAE04EC0-301F-11D3-BF4B-00C04F79EFBC}") = "MassageAPI", "MassageAPI.csproj", "{8A43795D-777D-B0A3-AEA6-10A6962CEBEC}"
EndProject
Global
	GlobalSection(SolutionConfigurationPlatforms) = preSolution
		Debug|Any CPU = Debug|Any CPU
		Release|Any CPU = Release|Any CPU
	EndGlobalSection
	GlobalSection(ProjectConfigurationPlatforms) = postSolution
		{8A43795D-777D-B0A3-AEA6-10A6962CEBEC}.Debug|Any CPU.ActiveCfg = Debug|Any CPU
		{8A43795D-777D-B0A3-AEA6-10A6962CEBEC}.Debug|Any CPU.Build.0 = Debug|Any CPU
		{8A43795D-777D-B0A3-AEA6-10A6962CEBEC}.Release|Any CPU.ActiveCfg = Release|Any CPU
		{8A43795D-777D-B0A3-AEA6-10A6962CEBEC}.Release|Any CPU.Build.0 = Release|Any CPU
	EndGlobalSection
	GlobalSection(SolutionProperties) = preSolution
		HideSolutionNode = FALSE
	EndGlobalSection
	GlobalSection(ExtensibilityGlobals) = postSolution
		SolutionGuid = {DB1DC91B-ADC2-4019-AE90-1195FA3EB0EE}
	EndGlobalSection
EndGlobal
